# THIS IS AN AUTOGENERATED FILE. DO NOT EDIT THIS FILE DIRECTLY.
# yarn lockfile v1


smooth-scroll@^16.1.0:
  version "16.1.0"
  resolved "https://registry.yarnpkg.com/smooth-scroll/-/smooth-scroll-16.1.0.tgz#c811c63db67215d30847745ba0732feb3291947f"
  integrity sha512-V5b8ekIekZ3xJ6f0sPsLgEbN5YT8gX0Q6yNjZXTKgqjH9dBGadZ0P50fhP0rLRBGifc44qfI3rnWNM+lebhJag==
